
Microsoft Visual Studio Solution File, Format Version 12.00
# Visual Studio 2013
VisualStudioVersion = 12.0.31101.0
MinimumVisualStudioVersion = 10.0.40219.1
Project("{FAE04EC0-301F-11D3-BF4B-00C04F79EFBC}") = "RoutingWithAngular", "RoutingWithAngular\RoutingWithAngular.csproj", "{3A664A60-217F-4546-9837-5924B55740A0}"
EndProject
Project("{2150E333-8FDC-42A3-9474-1A3956D46DE8}") = "PublishScripts", "PublishScripts", "{43146026-5234-4C21-9C2E-C36B0BB66A86}"
	ProjectSection(SolutionItems) = preProject
		PublishScripts\AzureWebsitePublishModule.psm1 = PublishScripts\AzureWebsitePublishModule.psm1
		PublishScripts\Publish-WebApplicationWebsite.ps1 = PublishScripts\Publish-WebApplicationWebsite.ps1
	EndProjectSection
EndProject
Project("{2150E333-8FDC-42A3-9474-1A3956D46DE8}") = "Configurations", "Configurations", "{0C775A7F-4794-4ECE-8A3A-D94ECA313237}"
	ProjectSection(SolutionItems) = preProject
		PublishScripts\Configurations\RoutingWithAngular-WAWS-dev.json = PublishScripts\Configurations\RoutingWithAngular-WAWS-dev.json
	EndProjectSection
EndProject
Global
	GlobalSection(SolutionConfigurationPlatforms) = preSolution
		Debug|Any CPU = Debug|Any CPU
		Release|Any CPU = Release|Any CPU
	EndGlobalSection
	GlobalSection(ProjectConfigurationPlatforms) = postSolution
		{3A664A60-217F-4546-9837-5924B55740A0}.Debug|Any CPU.ActiveCfg = Debug|Any CPU
		{3A664A60-217F-4546-9837-5924B55740A0}.Debug|Any CPU.Build.0 = Debug|Any CPU
		{3A664A60-217F-4546-9837-5924B55740A0}.Release|Any CPU.ActiveCfg = Release|Any CPU
		{3A664A60-217F-4546-9837-5924B55740A0}.Release|Any CPU.Build.0 = Release|Any CPU
	EndGlobalSection
	GlobalSection(SolutionProperties) = preSolution
		HideSolutionNode = FALSE
	EndGlobalSection
	GlobalSection(NestedProjects) = preSolution
		{0C775A7F-4794-4ECE-8A3A-D94ECA313237} = {43146026-5234-4C21-9C2E-C36B0BB66A86}
	EndGlobalSection
EndGlobal
